# Generated by buf. DO NOT EDIT.
version: v1
deps:
  - remote: buf.build
    owner: bufbuild
    repository: protovalidate
    commit: b983156c5e994cc9892e0ce3e64e17e0
    digest: shake256:fb47a62989d38c2529bcc5cd86ded43d800eb84cee82b42b9e8a9e815d4ee8134a0fb9d0ce8299b27c2d2bbb7d6ade0c4ad5a8a4d467e1e2c7ca619ae9f634e2
  - remote: buf.build
    owner: googleapis
    repository: googleapis
    commit: 1f6ed065c9f04b5cb843d6e7603d6454
    digest: shake256:7149cf5e9955c692d381e557830555d4e93f205a0f1b8e2dfdae46d029369aa3fc1980e35df0d310f7cc3b622f93e19ad276769a283a967dd3065ddfd3a40e13
  - remote: buf.build
    owner: pentops
    repository: j5
    commit: 0aad3f18b7b048f39a026e8130703885
    digest: shake256:42207ccae61f211f55547d5c1dc231b01d048b15b86a87b7873bdf061bf6a3483b617e1de241becb064552cab0231713ffbbbe4c23c0b2ae6b00b83792c971ba
  - remote: buf.build
    owner: pentops
    repository: listify
    commit: f8340e85a19c464ca909db89a45b9b57
    digest: shake256:fe3921bb77acb2e244d32a3f3c4c423ab02f92cacf9b914edce78aecd89d52446adb9e1d62bd4a80d49bbfe517a8b6f0382aaa15ede9dd7f55329a45fd16a187
  - remote: buf.build
    owner: pentops
    repository: o5
    commit: 202d879cfde7402fa51379ab06387575
    digest: shake256:98a84e1300e600e320c359a51a32ee759cd990e41a72bc06bc3823098a00d161205ec68978dbe5d7c893215f957554674314c7573e257bb3193852acb1527a4f
  - remote: buf.build
    owner: pentops
    repository: protostate
    commit: 52cbcf611b054d64b66a9856d25084d1
    digest: shake256:dac4ae74c396975b0f8af30aa91e43cd4bb79e4750e12d08b42a42286081c6dbe2c350c63a0067a997dee57db115eeccdd342851f6472c27fdb1e0bf79f69f93
